
Microsoft Visual Studio Solution File, Format Version 12.00
# Visual Studio Version 17
VisualStudioVersion = 17.1.31911.260
MinimumVisualStudioVersion = 10.0.40219.1
Project("{8BC9CEB8-8B4A-11D0-8D11-00A0C91BC942}") = "29.10.2022bit_swapper", "29.10.2022bit_swapper\29.10.2022bit_swapper.vcxproj", "{75DC046D-FBB3-45CD-B939-1D1E769BF9CC}"
EndProject
Global
	GlobalSection(SolutionConfigurationPlatforms) = preSolution
		Debug|x64 = Debug|x64
		Debug|x86 = Debug|x86
		Release|x64 = Release|x64
		Release|x86 = Release|x86
	EndGlobalSection
	GlobalSection(ProjectConfigurationPlatforms) = postSolution
		{75DC046D-FBB3-45CD-B939-1D1E769BF9CC}.Debug|x64.ActiveCfg = Debug|x64
		{75DC046D-FBB3-45CD-B939-1D1E769BF9CC}.Debug|x64.Build.0 = Debug|x64
		{75DC046D-FBB3-45CD-B939-1D1E769BF9CC}.Debug|x86.ActiveCfg = Debug|Win32
		{75DC046D-FBB3-45CD-B939-1D1E769BF9CC}.Debug|x86.Build.0 = Debug|Win32
		{75DC046D-FBB3-45CD-B939-1D1E769BF9CC}.Release|x64.ActiveCfg = Release|x64
		{75DC046D-FBB3-45CD-B939-1D1E769BF9CC}.Release|x64.Build.0 = Release|x64
		{75DC046D-FBB3-45CD-B939-1D1E769BF9CC}.Release|x86.ActiveCfg = Release|Win32
		{75DC046D-FBB3-45CD-B939-1D1E769BF9CC}.Release|x86.Build.0 = Release|Win32
	EndGlobalSection
	GlobalSection(SolutionProperties) = preSolution
		HideSolutionNode = FALSE
	EndGlobalSection
	GlobalSection(ExtensibilityGlobals) = postSolution
		SolutionGuid = {FC1743EF-6629-4F23-B6CC-6291D0F4DFC5}
	EndGlobalSection
EndGlobal
